{
  "originHash" : "9be36ca222b0e9114447bb4a5a05241f393c28df170fe920cf7c0326a0561798",
  "pins" : [
    {
      "identity" : "sentry-cocoa",
      "kind" : "remoteSourceControl",
      "location" : "https://github.com/getsentry/sentry-cocoa",
      "state" : {
        "revision" : "2c70925b98238b7efacde11d30075328c3cb6a2a",
        "version" : "8.55.1"
      }
    }
  ],
  "version" : 3
}
