{
  "originHash" : "9be36ca222b0e9114447bb4a5a05241f393c28df170fe920cf7c0326a0561798",
  "pins" : [
    {
      "identity" : "sentry-cocoa",
      "kind" : "remoteSourceControl",
      "location" : "https://github.com/getsentry/sentry-cocoa",
      "state" : {
        "revision" : "9e193ac0b71760603aa666bad7e9e303dd7031a8",
        "version" : "8.56.2"
      }
    }
  ],
  "version" : 3
}
